{
  "lockfileVersion": 1,
  "configVersion": 1,
  "workspaces": {
    "": {
      "name": "portfolio-api",
      "dependencies": {
        "@azure/functions": "^4.0.0",
      },
      "devDependencies": {
        "typescript": "^5.0.0",
      },
    },
  },
  "packages": {
    "@azure/functions": ["@azure/functions@4.10.0", "", { "dependencies": { "@azure/functions-extensions-base": "0.2.0", "cookie": "^0.7.0", "long": "^4.0.0", "undici": "^5.29.0" } }, "sha512-hJ58IrZ4vyzcD/2FXTAoBr9iJO1gtb7jUbdU0lCOYOIeQNezVjNXaqLjECuP0GMGVq12RsqZoDfTRNo8xqcLYg=="],

    "@azure/functions-extensions-base": ["@azure/functions-extensions-base@0.2.0", "", {}, "sha512-ncCkHBNQYJa93dBIh+toH0v1iSgCzSo9tr94s6SMBe7DPWREkaWh8cq33A5P4rPSFX1g5W+3SPvIzDr/6/VOWQ=="],

    "@fastify/busboy": ["@fastify/busboy@2.1.1", "", {}, "sha512-vBZP4NlzfOlerQTnba4aqZoMhE/a9HY7HRqoOPaETQcSQuWEIyZMHGfVu6w9wGtGK5fED5qRs2DteVCjOH60sA=="],

    "cookie": ["cookie@0.7.2", "", {}, "sha512-yki5XnKuf750l50uGTllt6kKILY4nQ1eNIQatoXEByZ5dWgnKqbnqmTrBE5B4N7lrMJKQ2ytWMiTO2o0v6Ew/w=="],

    "long": ["long@4.0.0", "", {}, "sha512-XsP+KhQif4bjX1kbuSiySJFNAehNxgLb6hPRGJ9QsUr8ajHkuXGdrHmFUTUUXhDwVX2R5bY4JNZEwbUiMhV+MA=="],

    "typescript": ["typescript@5.9.3", "", { "bin": { "tsc": "bin/tsc", "tsserver": "bin/tsserver" } }, "sha512-jl1vZzPDinLr9eUt3J/t7V6FgNEw9QjvBPdysz9KfQDD41fQrC2Y4vKQdiaUpFT4bXlb1RHhLpp8wtm6M5TgSw=="],

    "undici": ["undici@5.29.0", "", { "dependencies": { "@fastify/busboy": "^2.0.0" } }, "sha512-raqeBD6NQK4SkWhQzeYKd1KmIG6dllBOTt55Rmkt4HtI9mwdWtJljnrXjAFUBLTSN67HWrOIZ3EPF4kjUw80Bg=="],
  }
}
